
Microsoft Visual Studio Solution File, Format Version 12.00
# Visual Studio 15
VisualStudioVersion = 15.0.28307.1259
MinimumVisualStudioVersion = 10.0.40219.1
Project("{FAE04EC0-301F-11D3-BF4B-00C04F79EFBC}") = "Barbershop", "Barbershop\Barbershop.csproj", "{5072665C-F92E-451E-AACE-57592D424E36}"
EndProject
Project("{2150E333-8FDC-42A3-9474-1A3956D46DE8}") = "Resources", "Resources", "{5BB215CE-CB11-495C-8857-AF4D14467090}"
	ProjectSection(SolutionItems) = preProject
		data.dn = data.dn
	EndProjectSection
EndProject
Global
	GlobalSection(SolutionConfigurationPlatforms) = preSolution
		Debug|Any CPU = Debug|Any CPU
		Release|Any CPU = Release|Any CPU
	EndGlobalSection
	GlobalSection(ProjectConfigurationPlatforms) = postSolution
		{5072665C-F92E-451E-AACE-57592D424E36}.Debug|Any CPU.ActiveCfg = Debug|Any CPU
		{5072665C-F92E-451E-AACE-57592D424E36}.Debug|Any CPU.Build.0 = Debug|Any CPU
		{5072665C-F92E-451E-AACE-57592D424E36}.Release|Any CPU.ActiveCfg = Release|Any CPU
		{5072665C-F92E-451E-AACE-57592D424E36}.Release|Any CPU.Build.0 = Release|Any CPU
	EndGlobalSection
	GlobalSection(SolutionProperties) = preSolution
		HideSolutionNode = FALSE
	EndGlobalSection
	GlobalSection(ExtensibilityGlobals) = postSolution
		SolutionGuid = {F60243B3-8760-46FE-90C1-10DDD1A5BFE8}
	EndGlobalSection
EndGlobal
